
Microsoft Visual Studio Solution File, Format Version 12.00
# Visual Studio Version 17
VisualStudioVersion = 17.7.34031.279
MinimumVisualStudioVersion = 10.0.40219.1
Project("{8BC9CEB8-8B4A-11D0-8D11-00A0C91BC942}") = "SmartHandControllerVSK", "SmartHandControllerVSK.vcxproj", "{33190A0F-45CA-44BC-A421-1A3BAFB78ABE}"
EndProject
Global
	GlobalSection(SolutionConfigurationPlatforms) = preSolution
		Debug|ARM = Debug|ARM
		Debug|ARM64 = Debug|ARM64
		Release|ARM = Release|ARM
		Release|ARM64 = Release|ARM64
	EndGlobalSection
	GlobalSection(ProjectConfigurationPlatforms) = postSolution
		{33190A0F-45CA-44BC-A421-1A3BAFB78ABE}.Debug|ARM.ActiveCfg = Debug|ARM
		{33190A0F-45CA-44BC-A421-1A3BAFB78ABE}.Debug|ARM.Build.0 = Debug|ARM
		{33190A0F-45CA-44BC-A421-1A3BAFB78ABE}.Debug|ARM.Deploy.0 = Debug|ARM
		{33190A0F-45CA-44BC-A421-1A3BAFB78ABE}.Debug|ARM64.ActiveCfg = Debug|ARM64
		{33190A0F-45CA-44BC-A421-1A3BAFB78ABE}.Debug|ARM64.Build.0 = Debug|ARM64
		{33190A0F-45CA-44BC-A421-1A3BAFB78ABE}.Debug|ARM64.Deploy.0 = Debug|ARM64
		{33190A0F-45CA-44BC-A421-1A3BAFB78ABE}.Release|ARM.ActiveCfg = Release|ARM
		{33190A0F-45CA-44BC-A421-1A3BAFB78ABE}.Release|ARM.Build.0 = Release|ARM
		{33190A0F-45CA-44BC-A421-1A3BAFB78ABE}.Release|ARM.Deploy.0 = Release|ARM
		{33190A0F-45CA-44BC-A421-1A3BAFB78ABE}.Release|ARM64.ActiveCfg = Release|ARM64
		{33190A0F-45CA-44BC-A421-1A3BAFB78ABE}.Release|ARM64.Build.0 = Release|ARM64
		{33190A0F-45CA-44BC-A421-1A3BAFB78ABE}.Release|ARM64.Deploy.0 = Release|ARM64
	EndGlobalSection
	GlobalSection(SolutionProperties) = preSolution
		HideSolutionNode = FALSE
	EndGlobalSection
	GlobalSection(ExtensibilityGlobals) = postSolution
		SolutionGuid = {6BC1BAAF-05A4-4F81-AB2E-62B245D3738E}
	EndGlobalSection
EndGlobal
